// !$*UTF8*$!
{
	archiveVersion = 1;
	classes = {
	};
	objectVersion = 46;
	objects = {

/* Begin PBXBuildFile section */
		730122E61AD775A300D55C06 /* AppDelegate.swift in Sources */ = {isa = PBXBuildFile; fileRef = 730122E51AD775A300D55C06 /* AppDelegate.swift */; };
		730122E81AD775A300D55C06 /* Images.xcassets in Resources */ = {isa = PBXBuildFile; fileRef = 730122E71AD775A300D55C06 /* Images.xcassets */; };
		730122EB1AD775A300D55C06 /* MainMenu.xib in Resources */ = {isa = PBXBuildFile; fileRef = 730122E91AD775A300D55C06 /* MainMenu.xib */; };
		730122F71AD775A300D55C06 /* CartwheelTests.swift in Sources */ = {isa = PBXBuildFile; fileRef = 730122F61AD775A300D55C06 /* CartwheelTests.swift */; };
		730123011AD77BF000D55C06 /* MainWindowController.swift in Sources */ = {isa = PBXBuildFile; fileRef = 730123001AD77BF000D55C06 /* MainWindowController.swift */; };
		733A8DF81AD9D72A00A8470C /* CarthageKit.framework in Frameworks */ = {isa = PBXBuildFile; fileRef = 733A8DF71AD9D72A00A8470C /* CarthageKit.framework */; };
		733A8DF91AD9D72A00A8470C /* CarthageKit.framework in Embed Frameworks */ = {isa = PBXBuildFile; fileRef = 733A8DF71AD9D72A00A8470C /* CarthageKit.framework */; settings = {ATTRIBUTES = (CodeSignOnCopy, RemoveHeadersOnCopy, ); }; };
		73B09F691AD9B75A00D2B1A0 /* PureLayout_Mac.framework in Frameworks */ = {isa = PBXBuildFile; fileRef = 73B09F671AD9B68200D2B1A0 /* PureLayout_Mac.framework */; };
		73B09F6A1AD9B75A00D2B1A0 /* PureLayout_Mac.framework in Embed Frameworks */ = {isa = PBXBuildFile; fileRef = 73B09F671AD9B68200D2B1A0 /* PureLayout_Mac.framework */; settings = {ATTRIBUTES = (CodeSignOnCopy, RemoveHeadersOnCopy, ); }; };
/* End PBXBuildFile section */

/* Begin PBXContainerItemProxy section */
		730122F11AD775A300D55C06 /* PBXContainerItemProxy */ = {
			isa = PBXContainerItemProxy;
			containerPortal = 730122D81AD775A300D55C06 /* Project object */;
			proxyType = 1;
			remoteGlobalIDString = 730122DF1AD775A300D55C06;
			remoteInfo = Cartwheel;
		};
/* End PBXContainerItemProxy section */

/* Begin PBXCopyFilesBuildPhase section */
		73B09F6B1AD9B75B00D2B1A0 /* Embed Frameworks */ = {
			isa = PBXCopyFilesBuildPhase;
			buildActionMask = 2147483647;
			dstPath = "";
			dstSubfolderSpec = 10;
			files = (
				733A8DF91AD9D72A00A8470C /* CarthageKit.framework in Embed Frameworks */,
				73B09F6A1AD9B75A00D2B1A0 /* PureLayout_Mac.framework in Embed Frameworks */,
			);
			name = "Embed Frameworks";
			runOnlyForDeploymentPostprocessing = 0;
		};
/* End PBXCopyFilesBuildPhase section */

/* Begin PBXFileReference section */
		730122E01AD775A300D55C06 /* Cartwheel.app */ = {isa = PBXFileReference; explicitFileType = wrapper.application; includeInIndex = 0; path = Cartwheel.app; sourceTree = BUILT_PRODUCTS_DIR; };
		730122E41AD775A300D55C06 /* Info.plist */ = {isa = PBXFileReference; lastKnownFileType = text.plist.xml; path = Info.plist; sourceTree = "<group>"; };
		730122E51AD775A300D55C06 /* AppDelegate.swift */ = {isa = PBXFileReference; lastKnownFileType = sourcecode.swift; path = AppDelegate.swift; sourceTree = "<group>"; };
		730122E71AD775A300D55C06 /* Images.xcassets */ = {isa = PBXFileReference; lastKnownFileType = folder.assetcatalog; path = Images.xcassets; sourceTree = "<group>"; };
		730122EA1AD775A300D55C06 /* Base */ = {isa = PBXFileReference; lastKnownFileType = file.xib; name = Base; path = Base.lproj/MainMenu.xib; sourceTree = "<group>"; };
		730122F01AD775A300D55C06 /* CartwheelTests.xctest */ = {isa = PBXFileReference; explicitFileType = wrapper.cfbundle; includeInIndex = 0; path = CartwheelTests.xctest; sourceTree = BUILT_PRODUCTS_DIR; };
		730122F51AD775A300D55C06 /* Info.plist */ = {isa = PBXFileReference; lastKnownFileType = text.plist.xml; path = Info.plist; sourceTree = "<group>"; };
		730122F61AD775A300D55C06 /* CartwheelTests.swift */ = {isa = PBXFileReference; lastKnownFileType = sourcecode.swift; path = CartwheelTests.swift; sourceTree = "<group>"; };
		730123001AD77BF000D55C06 /* MainWindowController.swift */ = {isa = PBXFileReference; fileEncoding = 4; lastKnownFileType = sourcecode.swift; path = MainWindowController.swift; sourceTree = "<group>"; };
		733A8DF71AD9D72A00A8470C /* CarthageKit.framework */ = {isa = PBXFileReference; explicitFileType = wrapper.framework; name = CarthageKit.framework; path = "/Users/jeffberg/Library/Developer/Xcode/DerivedData/Cartwheel-cnncxixzrllmecfvlpqibbuuscwu/Build/Products/Debug/CarthageKit.framework"; sourceTree = "<absolute>"; };
		73B09F671AD9B68200D2B1A0 /* PureLayout_Mac.framework */ = {isa = PBXFileReference; lastKnownFileType = wrapper.framework; name = PureLayout_Mac.framework; path = ../Carthage/Build/Mac/PureLayout_Mac.framework; sourceTree = "<group>"; };
/* End PBXFileReference section */

/* Begin PBXFrameworksBuildPhase section */
		730122DD1AD775A300D55C06 /* Frameworks */ = {
			isa = PBXFrameworksBuildPhase;
			buildActionMask = 2147483647;
			files = (
				733A8DF81AD9D72A00A8470C /* CarthageKit.framework in Frameworks */,
				73B09F691AD9B75A00D2B1A0 /* PureLayout_Mac.framework in Frameworks */,
			);
			runOnlyForDeploymentPostprocessing = 0;
		};
		730122ED1AD775A300D55C06 /* Frameworks */ = {
			isa = PBXFrameworksBuildPhase;
			buildActionMask = 2147483647;
			files = (
			);
			runOnlyForDeploymentPostprocessing = 0;
		};
/* End PBXFrameworksBuildPhase section */

/* Begin PBXGroup section */
		730122D71AD775A300D55C06 = {
			isa = PBXGroup;
			children = (
				730122E21AD775A300D55C06 /* Cartwheel */,
				73B09F661AD9B66200D2B1A0 /* Frameworks */,
				730122F31AD775A300D55C06 /* CartwheelTests */,
				730122E11AD775A300D55C06 /* Products */,
			);
			sourceTree = "<group>";
		};
		730122E11AD775A300D55C06 /* Products */ = {
			isa = PBXGroup;
			children = (
				730122E01AD775A300D55C06 /* Cartwheel.app */,
				730122F01AD775A300D55C06 /* CartwheelTests.xctest */,
			);
			name = Products;
			sourceTree = "<group>";
		};
		730122E21AD775A300D55C06 /* Cartwheel */ = {
			isa = PBXGroup;
			children = (
				730122E51AD775A300D55C06 /* AppDelegate.swift */,
				730123001AD77BF000D55C06 /* MainWindowController.swift */,
				730122E71AD775A300D55C06 /* Images.xcassets */,
				730122E91AD775A300D55C06 /* MainMenu.xib */,
				730122E31AD775A300D55C06 /* Supporting Files */,
			);
			path = Cartwheel;
			sourceTree = "<group>";
		};
		730122E31AD775A300D55C06 /* Supporting Files */ = {
			isa = PBXGroup;
			children = (
				730122E41AD775A300D55C06 /* Info.plist */,
			);
			name = "Supporting Files";
			sourceTree = "<group>";
		};
		730122F31AD775A300D55C06 /* CartwheelTests */ = {
			isa = PBXGroup;
			children = (
				730122F61AD775A300D55C06 /* CartwheelTests.swift */,
				730122F41AD775A300D55C06 /* Supporting Files */,
			);
			path = CartwheelTests;
			sourceTree = "<group>";
		};
		730122F41AD775A300D55C06 /* Supporting Files */ = {
			isa = PBXGroup;
			children = (
				730122F51AD775A300D55C06 /* Info.plist */,
			);
			name = "Supporting Files";
			sourceTree = "<group>";
		};
		73B09F661AD9B66200D2B1A0 /* Frameworks */ = {
			isa = PBXGroup;
			children = (
				733A8DF71AD9D72A00A8470C /* CarthageKit.framework */,
				73B09F671AD9B68200D2B1A0 /* PureLayout_Mac.framework */,
			);
			name = Frameworks;
			sourceTree = "<group>";
		};
/* End PBXGroup section */

/* Begin PBXNativeTarget section */
		730122DF1AD775A300D55C06 /* Cartwheel */ = {
			isa = PBXNativeTarget;
			buildConfigurationList = 730122FA1AD775A300D55C06 /* Build configuration list for PBXNativeTarget "Cartwheel" */;
			buildPhases = (
				730122DC1AD775A300D55C06 /* Sources */,
				730122DD1AD775A300D55C06 /* Frameworks */,
				730122DE1AD775A300D55C06 /* Resources */,
				73B09F6B1AD9B75B00D2B1A0 /* Embed Frameworks */,
			);
			buildRules = (
			);
			dependencies = (
			);
			name = Cartwheel;
			productName = Cartwheel;
			productReference = 730122E01AD775A300D55C06 /* Cartwheel.app */;
			productType = "com.apple.product-type.application";
		};
		730122EF1AD775A300D55C06 /* CartwheelTests */ = {
			isa = PBXNativeTarget;
			buildConfigurationList = 730122FD1AD775A300D55C06 /* Build configuration list for PBXNativeTarget "CartwheelTests" */;
			buildPhases = (
				730122EC1AD775A300D55C06 /* Sources */,
				730122ED1AD775A300D55C06 /* Frameworks */,
				730122EE1AD775A300D55C06 /* Resources */,
			);
			buildRules = (
			);
			dependencies = (
				730122F21AD775A300D55C06 /* PBXTargetDependency */,
			);
			name = CartwheelTests;
			productName = CartwheelTests;
			productReference = 730122F01AD775A300D55C06 /* CartwheelTests.xctest */;
			productType = "com.apple.product-type.bundle.unit-test";
		};
/* End PBXNativeTarget section */

/* Begin PBXProject section */
		730122D81AD775A300D55C06 /* Project object */ = {
			isa = PBXProject;
			attributes = {
				LastUpgradeCheck = 0630;
				ORGANIZATIONNAME = "Saturday Apps";
				TargetAttributes = {
					730122DF1AD775A300D55C06 = {
						CreatedOnToolsVersion = 6.3;
					};
					730122EF1AD775A300D55C06 = {
						CreatedOnToolsVersion = 6.3;
						TestTargetID = 730122DF1AD775A300D55C06;
					};
				};
			};
			buildConfigurationList = 730122DB1AD775A300D55C06 /* Build configuration list for PBXProject "Cartwheel" */;
			compatibilityVersion = "Xcode 3.2";
			developmentRegion = English;
			hasScannedForEncodings = 0;
			knownRegions = (
				en,
				Base,
			);
			mainGroup = 730122D71AD775A300D55C06;
			productRefGroup = 730122E11AD775A300D55C06 /* Products */;
			projectDirPath = "";
			projectRoot = "";
			targets = (
				730122DF1AD775A300D55C06 /* Cartwheel */,
				730122EF1AD775A300D55C06 /* CartwheelTests */,
			);
		};
/* End PBXProject section */

/* Begin PBXResourcesBuildPhase section */
		730122DE1AD775A300D55C06 /* Resources */ = {
			isa = PBXResourcesBuildPhase;
			buildActionMask = 2147483647;
			files = (
				730122E81AD775A300D55C06 /* Images.xcassets in Resources */,
				730122EB1AD775A300D55C06 /* MainMenu.xib in Resources */,
			);
			runOnlyForDeploymentPostprocessing = 0;
		};
		730122EE1AD775A300D55C06 /* Resources */ = {
			isa = PBXResourcesBuildPhase;
			buildActionMask = 2147483647;
			files = (
			);
			runOnlyForDeploymentPostprocessing = 0;
		};
/* End PBXResourcesBuildPhase section */

/* Begin PBXSourcesBuildPhase section */
		730122DC1AD775A300D55C06 /* Sources */ = {
			isa = PBXSourcesBuildPhase;
			buildActionMask = 2147483647;
			files = (
				730123011AD77BF000D55C06 /* MainWindowController.swift in Sources */,
				730122E61AD775A300D55C06 /* AppDelegate.swift in Sources */,
			);
			runOnlyForDeploymentPostprocessing = 0;
		};
		730122EC1AD775A300D55C06 /* Sources */ = {
			isa = PBXSourcesBuildPhase;
			buildActionMask = 2147483647;
			files = (
				730122F71AD775A300D55C06 /* CartwheelTests.swift in Sources */,
			);
			runOnlyForDeploymentPostprocessing = 0;
		};
/* End PBXSourcesBuildPhase section */

/* Begin PBXTargetDependency section */
		730122F21AD775A300D55C06 /* PBXTargetDependency */ = {
			isa = PBXTargetDependency;
			target = 730122DF1AD775A300D55C06 /* Cartwheel */;
			targetProxy = 730122F11AD775A300D55C06 /* PBXContainerItemProxy */;
		};
/* End PBXTargetDependency section */

/* Begin PBXVariantGroup section */
		730122E91AD775A300D55C06 /* MainMenu.xib */ = {
			isa = PBXVariantGroup;
			children = (
				730122EA1AD775A300D55C06 /* Base */,
			);
			name = MainMenu.xib;
			sourceTree = "<group>";
		};
/* End PBXVariantGroup section */

/* Begin XCBuildConfiguration section */
		730122F81AD775A300D55C06 /* Debug */ = {
			isa = XCBuildConfiguration;
			buildSettings = {
				ALWAYS_SEARCH_USER_PATHS = NO;
				CLANG_CXX_LANGUAGE_STANDARD = "gnu++0x";
				CLANG_CXX_LIBRARY = "libc++";
				CLANG_ENABLE_MODULES = YES;
				CLANG_ENABLE_OBJC_ARC = YES;
				CLANG_WARN_BOOL_CONVERSION = YES;
				CLANG_WARN_CONSTANT_CONVERSION = YES;
				CLANG_WARN_DIRECT_OBJC_ISA_USAGE = YES_ERROR;
				CLANG_WARN_EMPTY_BODY = YES;
				CLANG_WARN_ENUM_CONVERSION = YES;
				CLANG_WARN_INT_CONVERSION = YES;
				CLANG_WARN_OBJC_ROOT_CLASS = YES_ERROR;
				CLANG_WARN_UNREACHABLE_CODE = YES;
				CLANG_WARN__DUPLICATE_METHOD_MATCH = YES;
				CODE_SIGN_IDENTITY = "";
				COPY_PHASE_STRIP = NO;
				DEBUG_INFORMATION_FORMAT = dwarf;
				ENABLE_STRICT_OBJC_MSGSEND = YES;
				GCC_C_LANGUAGE_STANDARD = gnu99;
				GCC_DYNAMIC_NO_PIC = NO;
				GCC_NO_COMMON_BLOCKS = YES;
				GCC_OPTIMIZATION_LEVEL = 0;
				GCC_PREPROCESSOR_DEFINITIONS = (
					"DEBUG=1",
					"$(inherited)",
				);
				GCC_SYMBOLS_PRIVATE_EXTERN = NO;
				GCC_WARN_64_TO_32_BIT_CONVERSION = YES;
				GCC_WARN_ABOUT_RETURN_TYPE = YES_ERROR;
				GCC_WARN_UNDECLARED_SELECTOR = YES;
				GCC_WARN_UNINITIALIZED_AUTOS = YES_AGGRESSIVE;
				GCC_WARN_UNUSED_FUNCTION = YES;
				GCC_WARN_UNUSED_VARIABLE = YES;
				MACOSX_DEPLOYMENT_TARGET = 10.10;
				MTL_ENABLE_DEBUG_INFO = YES;
				ONLY_ACTIVE_ARCH = YES;
				SDKROOT = macosx;
				SWIFT_OPTIMIZATION_LEVEL = "-Onone";
			};
			name = Debug;
		};
		730122F91AD775A300D55C06 /* Release */ = {
			isa = XCBuildConfiguration;
			buildSettings = {
				ALWAYS_SEARCH_USER_PATHS = NO;
				CLANG_CXX_LANGUAGE_STANDARD = "gnu++0x";
				CLANG_CXX_LIBRARY = "libc++";
				CLANG_ENABLE_MODULES = YES;
				CLANG_ENABLE_OBJC_ARC = YES;
				CLANG_WARN_BOOL_CONVERSION = YES;
				CLANG_WARN_CONSTANT_CONVERSION = YES;
				CLANG_WARN_DIRECT_OBJC_ISA_USAGE = YES_ERROR;
				CLANG_WARN_EMPTY_BODY = YES;
				CLANG_WARN_ENUM_CONVERSION = YES;
				CLANG_WARN_INT_CONVERSION = YES;
				CLANG_WARN_OBJC_ROOT_CLASS = YES_ERROR;
				CLANG_WARN_UNREACHABLE_CODE = YES;
				CLANG_WARN__DUPLICATE_METHOD_MATCH = YES;
				CODE_SIGN_IDENTITY = "";
				COPY_PHASE_STRIP = NO;
				DEBUG_INFORMATION_FORMAT = "dwarf-with-dsym";
				ENABLE_NS_ASSERTIONS = NO;
				ENABLE_STRICT_OBJC_MSGSEND = YES;
				GCC_C_LANGUAGE_STANDARD = gnu99;
				GCC_NO_COMMON_BLOCKS = YES;
				GCC_WARN_64_TO_32_BIT_CONVERSION = YES;
				GCC_WARN_ABOUT_RETURN_TYPE = YES_ERROR;
				GCC_WARN_UNDECLARED_SELECTOR = YES;
				GCC_WARN_UNINITIALIZED_AUTOS = YES_AGGRESSIVE;
				GCC_WARN_UNUSED_FUNCTION = YES;
				GCC_WARN_UNUSED_VARIABLE = YES;
				MACOSX_DEPLOYMENT_TARGET = 10.10;
				MTL_ENABLE_DEBUG_INFO = NO;
				SDKROOT = macosx;
			};
			name = Release;
		};
		730122FB1AD775A300D55C06 /* Debug */ = {
			isa = XCBuildConfiguration;
			buildSettings = {
				ASSETCATALOG_COMPILER_APPICON_NAME = AppIcon;
				COMBINE_HIDPI_IMAGES = YES;
				EMBEDDED_CONTENT_CONTAINS_SWIFT = YES;
				FRAMEWORK_SEARCH_PATHS = (
					"$(inherited)",
					/Users/jeffberg/Documents/SaturdayAppsGit/Cartwheel/Cartfail/Builds,
					/Users/jeffberg/Documents/SaturdayAppsGit/Cartwheel/Carthage/Build/Mac,
					"$(USER_LIBRARY_DIR)/Developer/Xcode/DerivedData/Cartwheel-cnncxixzrllmecfvlpqibbuuscwu/Build/Products/Debug",
				);
				INFOPLIST_FILE = Cartwheel/Info.plist;
				LD_RUNPATH_SEARCH_PATHS = "$(inherited) @executable_path/../Frameworks";
				PRODUCT_NAME = "$(TARGET_NAME)";
			};
			name = Debug;
		};
		730122FC1AD775A300D55C06 /* Release */ = {
			isa = XCBuildConfiguration;
			buildSettings = {
				ASSETCATALOG_COMPILER_APPICON_NAME = AppIcon;
				COMBINE_HIDPI_IMAGES = YES;
				EMBEDDED_CONTENT_CONTAINS_SWIFT = YES;
				FRAMEWORK_SEARCH_PATHS = (
					"$(inherited)",
					/Users/jeffberg/Documents/SaturdayAppsGit/Cartwheel/Cartfail/Builds,
					/Users/jeffberg/Documents/SaturdayAppsGit/Cartwheel/Carthage/Build/Mac,
					"$(USER_LIBRARY_DIR)/Developer/Xcode/DerivedData/Cartwheel-cnncxixzrllmecfvlpqibbuuscwu/Build/Products/Debug",
				);
				INFOPLIST_FILE = Cartwheel/Info.plist;
				LD_RUNPATH_SEARCH_PATHS = "$(inherited) @executable_path/../Frameworks";
				PRODUCT_NAME = "$(TARGET_NAME)";
			};
			name = Release;
		};
		730122FE1AD775A300D55C06 /* Debug */ = {
			isa = XCBuildConfiguration;
			buildSettings = {
				BUNDLE_LOADER = "$(TEST_HOST)";
				COMBINE_HIDPI_IMAGES = YES;
				FRAMEWORK_SEARCH_PATHS = (
					"$(DEVELOPER_FRAMEWORKS_DIR)",
					"$(inherited)",
				);
				GCC_PREPROCESSOR_DEFINITIONS = (
					"DEBUG=1",
					"$(inherited)",
				);
				INFOPLIST_FILE = CartwheelTests/Info.plist;
				LD_RUNPATH_SEARCH_PATHS = "$(inherited) @executable_path/../Frameworks @loader_path/../Frameworks";
				PRODUCT_NAME = "$(TARGET_NAME)";
				TEST_HOST = "$(BUILT_PRODUCTS_DIR)/Cartwheel.app/Contents/MacOS/Cartwheel";
			};
			name = Debug;
		};
		730122FF1AD775A300D55C06 /* Release */ = {
			isa = XCBuildConfiguration;
			buildSettings = {
				BUNDLE_LOADER = "$(TEST_HOST)";
				COMBINE_HIDPI_IMAGES = YES;
				FRAMEWORK_SEARCH_PATHS = (
					"$(DEVELOPER_FRAMEWORKS_DIR)",
					"$(inherited)",
				);
				INFOPLIST_FILE = CartwheelTests/Info.plist;
				LD_RUNPATH_SEARCH_PATHS = "$(inherited) @executable_path/../Frameworks @loader_path/../Frameworks";
				PRODUCT_NAME = "$(TARGET_NAME)";
				TEST_HOST = "$(BUILT_PRODUCTS_DIR)/Cartwheel.app/Contents/MacOS/Cartwheel";
			};
			name = Release;
		};
/* End XCBuildConfiguration section */

/* Begin XCConfigurationList section */
		730122DB1AD775A300D55C06 /* Build configuration list for PBXProject "Cartwheel" */ = {
			isa = XCConfigurationList;
			buildConfigurations = (
				730122F81AD775A300D55C06 /* Debug */,
				730122F91AD775A300D55C06 /* Release */,
			);
			defaultConfigurationIsVisible = 0;
			defaultConfigurationName = Release;
		};
		730122FA1AD775A300D55C06 /* Build configuration list for PBXNativeTarget "Cartwheel" */ = {
			isa = XCConfigurationList;
			buildConfigurations = (
				730122FB1AD775A300D55C06 /* Debug */,
				730122FC1AD775A300D55C06 /* Release */,
			);
			defaultConfigurationIsVisible = 0;
			defaultConfigurationName = Release;
		};
		730122FD1AD775A300D55C06 /* Build configuration list for PBXNativeTarget "CartwheelTests" */ = {
			isa = XCConfigurationList;
			buildConfigurations = (
				730122FE1AD775A300D55C06 /* Debug */,
				730122FF1AD775A300D55C06 /* Release */,
			);
			defaultConfigurationIsVisible = 0;
			defaultConfigurationName = Release;
		};
/* End XCConfigurationList section */
	};
	rootObject = 730122D81AD775A300D55C06 /* Project object */;
}
